// !$*UTF8*$!
{
	archiveVersion = 1;
	classes = {
	};
	objectVersion = 46;
	objects = {

/* Begin PBXBuildFile section */
		5978C77B1A97E1A1006DB94E /* main.m in Sources */ = {isa = PBXBuildFile; fileRef = 5978C77A1A97E1A1006DB94E /* main.m */; };
		5978C77E1A97E1A1006DB94E /* AppDelegate.m in Sources */ = {isa = PBXBuildFile; fileRef = 5978C77D1A97E1A1006DB94E /* AppDelegate.m */; };
		5978C7811A97E1A1006DB94E /* ViewController.m in Sources */ = {isa = PBXBuildFile; fileRef = 5978C7801A97E1A1006DB94E /* ViewController.m */; };
		5978C7841A97E1A1006DB94E /* Main.storyboard in Resources */ = {isa = PBXBuildFile; fileRef = 5978C7821A97E1A1006DB94E /* Main.storyboard */; };
		5978C7861A97E1A1006DB94E /* Images.xcassets in Resources */ = {isa = PBXBuildFile; fileRef = 5978C7851A97E1A1006DB94E /* Images.xcassets */; };
		5978C7891A97E1A1006DB94E /* LaunchScreen.xib in Resources */ = {isa = PBXBuildFile; fileRef = 5978C7871A97E1A1006DB94E /* LaunchScreen.xib */; };
		5978C7951A97E1A1006DB94E /* Assignment_BTests.m in Sources */ = {isa = PBXBuildFile; fileRef = 5978C7941A97E1A1006DB94E /* Assignment_BTests.m */; };
		5978C7A01A97E5C2006DB94E /* baseDrawing.m in Sources */ = {isa = PBXBuildFile; fileRef = 5978C79F1A97E5C2006DB94E /* baseDrawing.m */; };
/* End PBXBuildFile section */

/* Begin PBXContainerItemProxy section */
		5978C78F1A97E1A1006DB94E /* PBXContainerItemProxy */ = {
			isa = PBXContainerItemProxy;
			containerPortal = 5978C76D1A97E1A1006DB94E /* Project object */;
			proxyType = 1;
			remoteGlobalIDString = 5978C7741A97E1A1006DB94E;
			remoteInfo = "Assignment B";
		};
/* End PBXContainerItemProxy section */

/* Begin PBXFileReference section */
		5978C7751A97E1A1006DB94E /* Assignment B.app */ = {isa = PBXFileReference; explicitFileType = wrapper.application; includeInIndex = 0; path = "Assignment B.app"; sourceTree = BUILT_PRODUCTS_DIR; };
		5978C7791A97E1A1006DB94E /* Info.plist */ = {isa = PBXFileReference; lastKnownFileType = text.plist.xml; path = Info.plist; sourceTree = "<group>"; };
		5978C77A1A97E1A1006DB94E /* main.m */ = {isa = PBXFileReference; lastKnownFileType = sourcecode.c.objc; path = main.m; sourceTree = "<group>"; };
		5978C77C1A97E1A1006DB94E /* AppDelegate.h */ = {isa = PBXFileReference; lastKnownFileType = sourcecode.c.h; path = AppDelegate.h; sourceTree = "<group>"; };
		5978C77D1A97E1A1006DB94E /* AppDelegate.m */ = {isa = PBXFileReference; lastKnownFileType = sourcecode.c.objc; path = AppDelegate.m; sourceTree = "<group>"; };
		5978C77F1A97E1A1006DB94E /* ViewController.h */ = {isa = PBXFileReference; lastKnownFileType = sourcecode.c.h; path = ViewController.h; sourceTree = "<group>"; };
		5978C7801A97E1A1006DB94E /* ViewController.m */ = {isa = PBXFileReference; lastKnownFileType = sourcecode.c.objc; path = ViewController.m; sourceTree = "<group>"; };
		5978C7831A97E1A1006DB94E /* Base */ = {isa = PBXFileReference; lastKnownFileType = file.storyboard; name = Base; path = Base.lproj/Main.storyboard; sourceTree = "<group>"; };
		5978C7851A97E1A1006DB94E /* Images.xcassets */ = {isa = PBXFileReference; lastKnownFileType = folder.assetcatalog; path = Images.xcassets; sourceTree = "<group>"; };
		5978C7881A97E1A1006DB94E /* Base */ = {isa = PBXFileReference; lastKnownFileType = file.xib; name = Base; path = Base.lproj/LaunchScreen.xib; sourceTree = "<group>"; };
		5978C78E1A97E1A1006DB94E /* Assignment BTests.xctest */ = {isa = PBXFileReference; explicitFileType = wrapper.cfbundle; includeInIndex = 0; path = "Assignment BTests.xctest"; sourceTree = BUILT_PRODUCTS_DIR; };
		5978C7931A97E1A1006DB94E /* Info.plist */ = {isa = PBXFileReference; lastKnownFileType = text.plist.xml; path = Info.plist; sourceTree = "<group>"; };
		5978C7941A97E1A1006DB94E /* Assignment_BTests.m */ = {isa = PBXFileReference; lastKnownFileType = sourcecode.c.objc; path = Assignment_BTests.m; sourceTree = "<group>"; };
		5978C79E1A97E5C2006DB94E /* baseDrawing.h */ = {isa = PBXFileReference; fileEncoding = 4; lastKnownFileType = sourcecode.c.h; path = baseDrawing.h; sourceTree = "<group>"; };
		5978C79F1A97E5C2006DB94E /* baseDrawing.m */ = {isa = PBXFileReference; fileEncoding = 4; lastKnownFileType = sourcecode.c.objc; path = baseDrawing.m; sourceTree = "<group>"; };
/* End PBXFileReference section */

/* Begin PBXFrameworksBuildPhase section */
		5978C7721A97E1A1006DB94E /* Frameworks */ = {
			isa = PBXFrameworksBuildPhase;
			buildActionMask = 2147483647;
			files = (
			);
			runOnlyForDeploymentPostprocessing = 0;
		};
		5978C78B1A97E1A1006DB94E /* Frameworks */ = {
			isa = PBXFrameworksBuildPhase;
			buildActionMask = 2147483647;
			files = (
			);
			runOnlyForDeploymentPostprocessing = 0;
		};
/* End PBXFrameworksBuildPhase section */

/* Begin PBXGroup section */
		5978C76C1A97E1A1006DB94E = {
			isa = PBXGroup;
			children = (
				5978C7771A97E1A1006DB94E /* Assignment B */,
				5978C7911A97E1A1006DB94E /* Assignment BTests */,
				5978C7761A97E1A1006DB94E /* Products */,
			);
			sourceTree = "<group>";
		};
		5978C7761A97E1A1006DB94E /* Products */ = {
			isa = PBXGroup;
			children = (
				5978C7751A97E1A1006DB94E /* Assignment B.app */,
				5978C78E1A97E1A1006DB94E /* Assignment BTests.xctest */,
			);
			name = Products;
			sourceTree = "<group>";
		};
		5978C7771A97E1A1006DB94E /* Assignment B */ = {
			isa = PBXGroup;
			children = (
				5978C79E1A97E5C2006DB94E /* baseDrawing.h */,
				5978C79F1A97E5C2006DB94E /* baseDrawing.m */,
				5978C77C1A97E1A1006DB94E /* AppDelegate.h */,
				5978C77D1A97E1A1006DB94E /* AppDelegate.m */,
				5978C77F1A97E1A1006DB94E /* ViewController.h */,
				5978C7801A97E1A1006DB94E /* ViewController.m */,
				5978C7821A97E1A1006DB94E /* Main.storyboard */,
				5978C7851A97E1A1006DB94E /* Images.xcassets */,
				5978C7871A97E1A1006DB94E /* LaunchScreen.xib */,
				5978C7781A97E1A1006DB94E /* Supporting Files */,
			);
			path = "Assignment B";
			sourceTree = "<group>";
		};
		5978C7781A97E1A1006DB94E /* Supporting Files */ = {
			isa = PBXGroup;
			children = (
				5978C7791A97E1A1006DB94E /* Info.plist */,
				5978C77A1A97E1A1006DB94E /* main.m */,
			);
			name = "Supporting Files";
			sourceTree = "<group>";
		};
		5978C7911A97E1A1006DB94E /* Assignment BTests */ = {
			isa = PBXGroup;
			children = (
				5978C7941A97E1A1006DB94E /* Assignment_BTests.m */,
				5978C7921A97E1A1006DB94E /* Supporting Files */,
			);
			path = "Assignment BTests";
			sourceTree = "<group>";
		};
		5978C7921A97E1A1006DB94E /* Supporting Files */ = {
			isa = PBXGroup;
			children = (
				5978C7931A97E1A1006DB94E /* Info.plist */,
			);
			name = "Supporting Files";
			sourceTree = "<group>";
		};
/* End PBXGroup section */

/* Begin PBXNativeTarget section */
		5978C7741A97E1A1006DB94E /* Assignment B */ = {
			isa = PBXNativeTarget;
			buildConfigurationList = 5978C7981A97E1A1006DB94E /* Build configuration list for PBXNativeTarget "Assignment B" */;
			buildPhases = (
				5978C7711A97E1A1006DB94E /* Sources */,
				5978C7721A97E1A1006DB94E /* Frameworks */,
				5978C7731A97E1A1006DB94E /* Resources */,
			);
			buildRules = (
			);
			dependencies = (
			);
			name = "Assignment B";
			productName = "Assignment B";
			productReference = 5978C7751A97E1A1006DB94E /* Assignment B.app */;
			productType = "com.apple.product-type.application";
		};
		5978C78D1A97E1A1006DB94E /* Assignment BTests */ = {
			isa = PBXNativeTarget;
			buildConfigurationList = 5978C79B1A97E1A1006DB94E /* Build configuration list for PBXNativeTarget "Assignment BTests" */;
			buildPhases = (
				5978C78A1A97E1A1006DB94E /* Sources */,
				5978C78B1A97E1A1006DB94E /* Frameworks */,
				5978C78C1A97E1A1006DB94E /* Resources */,
			);
			buildRules = (
			);
			dependencies = (
				5978C7901A97E1A1006DB94E /* PBXTargetDependency */,
			);
			name = "Assignment BTests";
			productName = "Assignment BTests";
			productReference = 5978C78E1A97E1A1006DB94E /* Assignment BTests.xctest */;
			productType = "com.apple.product-type.bundle.unit-test";
		};
/* End PBXNativeTarget section */

/* Begin PBXProject section */
		5978C76D1A97E1A1006DB94E /* Project object */ = {
			isa = PBXProject;
			attributes = {
				LastUpgradeCheck = 0610;
				ORGANIZATIONNAME = "Matt Gray";
				TargetAttributes = {
					5978C7741A97E1A1006DB94E = {
						CreatedOnToolsVersion = 6.1.1;
					};
					5978C78D1A97E1A1006DB94E = {
						CreatedOnToolsVersion = 6.1.1;
						TestTargetID = 5978C7741A97E1A1006DB94E;
					};
				};
			};
			buildConfigurationList = 5978C7701A97E1A1006DB94E /* Build configuration list for PBXProject "Assignment B" */;
			compatibilityVersion = "Xcode 3.2";
			developmentRegion = English;
			hasScannedForEncodings = 0;
			knownRegions = (
				en,
				Base,
			);
			mainGroup = 5978C76C1A97E1A1006DB94E;
			productRefGroup = 5978C7761A97E1A1006DB94E /* Products */;
			projectDirPath = "";
			projectRoot = "";
			targets = (
				5978C7741A97E1A1006DB94E /* Assignment B */,
				5978C78D1A97E1A1006DB94E /* Assignment BTests */,
			);
		};
/* End PBXProject section */

/* Begin PBXResourcesBuildPhase section */
		5978C7731A97E1A1006DB94E /* Resources */ = {
			isa = PBXResourcesBuildPhase;
			buildActionMask = 2147483647;
			files = (
				5978C7841A97E1A1006DB94E /* Main.storyboard in Resources */,
				5978C7891A97E1A1006DB94E /* LaunchScreen.xib in Resources */,
				5978C7861A97E1A1006DB94E /* Images.xcassets in Resources */,
			);
			runOnlyForDeploymentPostprocessing = 0;
		};
		5978C78C1A97E1A1006DB94E /* Resources */ = {
			isa = PBXResourcesBuildPhase;
			buildActionMask = 2147483647;
			files = (
			);
			runOnlyForDeploymentPostprocessing = 0;
		};
/* End PBXResourcesBuildPhase section */

/* Begin PBXSourcesBuildPhase section */
		5978C7711A97E1A1006DB94E /* Sources */ = {
			isa = PBXSourcesBuildPhase;
			buildActionMask = 2147483647;
			files = (
				5978C7811A97E1A1006DB94E /* ViewController.m in Sources */,
				5978C77E1A97E1A1006DB94E /* AppDelegate.m in Sources */,
				5978C77B1A97E1A1006DB94E /* main.m in Sources */,
				5978C7A01A97E5C2006DB94E /* baseDrawing.m in Sources */,
			);
			runOnlyForDeploymentPostprocessing = 0;
		};
		5978C78A1A97E1A1006DB94E /* Sources */ = {
			isa = PBXSourcesBuildPhase;
			buildActionMask = 2147483647;
			files = (
				5978C7951A97E1A1006DB94E /* Assignment_BTests.m in Sources */,
			);
			runOnlyForDeploymentPostprocessing = 0;
		};
/* End PBXSourcesBuildPhase section */

/* Begin PBXTargetDependency section */
		5978C7901A97E1A1006DB94E /* PBXTargetDependency */ = {
			isa = PBXTargetDependency;
			target = 5978C7741A97E1A1006DB94E /* Assignment B */;
			targetProxy = 5978C78F1A97E1A1006DB94E /* PBXContainerItemProxy */;
		};
/* End PBXTargetDependency section */

/* Begin PBXVariantGroup section */
		5978C7821A97E1A1006DB94E /* Main.storyboard */ = {
			isa = PBXVariantGroup;
			children = (
				5978C7831A97E1A1006DB94E /* Base */,
			);
			name = Main.storyboard;
			sourceTree = "<group>";
		};
		5978C7871A97E1A1006DB94E /* LaunchScreen.xib */ = {
			isa = PBXVariantGroup;
			children = (
				5978C7881A97E1A1006DB94E /* Base */,
			);
			name = LaunchScreen.xib;
			sourceTree = "<group>";
		};
/* End PBXVariantGroup section */

/* Begin XCBuildConfiguration section */
		5978C7961A97E1A1006DB94E /* Debug */ = {
			isa = XCBuildConfiguration;
			buildSettings = {
				ALWAYS_SEARCH_USER_PATHS = NO;
				CLANG_CXX_LANGUAGE_STANDARD = "gnu++0x";
				CLANG_CXX_LIBRARY = "libc++";
				CLANG_ENABLE_MODULES = YES;
				CLANG_ENABLE_OBJC_ARC = YES;
				CLANG_WARN_BOOL_CONVERSION = YES;
				CLANG_WARN_CONSTANT_CONVERSION = YES;
				CLANG_WARN_DIRECT_OBJC_ISA_USAGE = YES_ERROR;
				CLANG_WARN_EMPTY_BODY = YES;
				CLANG_WARN_ENUM_CONVERSION = YES;
				CLANG_WARN_INT_CONVERSION = YES;
				CLANG_WARN_OBJC_ROOT_CLASS = YES_ERROR;
				CLANG_WARN_UNREACHABLE_CODE = YES;
				CLANG_WARN__DUPLICATE_METHOD_MATCH = YES;
				"CODE_SIGN_IDENTITY[sdk=iphoneos*]" = "iPhone Developer";
				COPY_PHASE_STRIP = NO;
				ENABLE_STRICT_OBJC_MSGSEND = YES;
				GCC_C_LANGUAGE_STANDARD = gnu99;
				GCC_DYNAMIC_NO_PIC = NO;
				GCC_OPTIMIZATION_LEVEL = 0;
				GCC_PREPROCESSOR_DEFINITIONS = (
					"DEBUG=1",
					"$(inherited)",
				);
				GCC_SYMBOLS_PRIVATE_EXTERN = NO;
				GCC_WARN_64_TO_32_BIT_CONVERSION = YES;
				GCC_WARN_ABOUT_RETURN_TYPE = YES_ERROR;
				GCC_WARN_UNDECLARED_SELECTOR = YES;
				GCC_WARN_UNINITIALIZED_AUTOS = YES_AGGRESSIVE;
				GCC_WARN_UNUSED_FUNCTION = YES;
				GCC_WARN_UNUSED_VARIABLE = YES;
				IPHONEOS_DEPLOYMENT_TARGET = 8.1;
				MTL_ENABLE_DEBUG_INFO = YES;
				ONLY_ACTIVE_ARCH = YES;
				SDKROOT = iphoneos;
			};
			name = Debug;
		};
		5978C7971A97E1A1006DB94E /* Release */ = {
			isa = XCBuildConfiguration;
			buildSettings = {
				ALWAYS_SEARCH_USER_PATHS = NO;
				CLANG_CXX_LANGUAGE_STANDARD = "gnu++0x";
				CLANG_CXX_LIBRARY = "libc++";
				CLANG_ENABLE_MODULES = YES;
				CLANG_ENABLE_OBJC_ARC = YES;
				CLANG_WARN_BOOL_CONVERSION = YES;
				CLANG_WARN_CONSTANT_CONVERSION = YES;
				CLANG_WARN_DIRECT_OBJC_ISA_USAGE = YES_ERROR;
				CLANG_WARN_EMPTY_BODY = YES;
				CLANG_WARN_ENUM_CONVERSION = YES;
				CLANG_WARN_INT_CONVERSION = YES;
				CLANG_WARN_OBJC_ROOT_CLASS = YES_ERROR;
				CLANG_WARN_UNREACHABLE_CODE = YES;
				CLANG_WARN__DUPLICATE_METHOD_MATCH = YES;
				"CODE_SIGN_IDENTITY[sdk=iphoneos*]" = "iPhone Developer";
				COPY_PHASE_STRIP = YES;
				ENABLE_NS_ASSERTIONS = NO;
				ENABLE_STRICT_OBJC_MSGSEND = YES;
				GCC_C_LANGUAGE_STANDARD = gnu99;
				GCC_WARN_64_TO_32_BIT_CONVERSION = YES;
				GCC_WARN_ABOUT_RETURN_TYPE = YES_ERROR;
				GCC_WARN_UNDECLARED_SELECTOR = YES;
				GCC_WARN_UNINITIALIZED_AUTOS = YES_AGGRESSIVE;
				GCC_WARN_UNUSED_FUNCTION = YES;
				GCC_WARN_UNUSED_VARIABLE = YES;
				IPHONEOS_DEPLOYMENT_TARGET = 8.1;
				MTL_ENABLE_DEBUG_INFO = NO;
				SDKROOT = iphoneos;
				VALIDATE_PRODUCT = YES;
			};
			name = Release;
		};
		5978C7991A97E1A1006DB94E /* Debug */ = {
			isa = XCBuildConfiguration;
			buildSettings = {
				ASSETCATALOG_COMPILER_APPICON_NAME = AppIcon;
				INFOPLIST_FILE = "Assignment B/Info.plist";
				LD_RUNPATH_SEARCH_PATHS = "$(inherited) @executable_path/Frameworks";
				PRODUCT_NAME = "$(TARGET_NAME)";
			};
			name = Debug;
		};
		5978C79A1A97E1A1006DB94E /* Release */ = {
			isa = XCBuildConfiguration;
			buildSettings = {
				ASSETCATALOG_COMPILER_APPICON_NAME = AppIcon;
				INFOPLIST_FILE = "Assignment B/Info.plist";
				LD_RUNPATH_SEARCH_PATHS = "$(inherited) @executable_path/Frameworks";
				PRODUCT_NAME = "$(TARGET_NAME)";
			};
			name = Release;
		};
		5978C79C1A97E1A1006DB94E /* Debug */ = {
			isa = XCBuildConfiguration;
			buildSettings = {
				BUNDLE_LOADER = "$(TEST_HOST)";
				FRAMEWORK_SEARCH_PATHS = (
					"$(SDKROOT)/Developer/Library/Frameworks",
					"$(inherited)",
				);
				GCC_PREPROCESSOR_DEFINITIONS = (
					"DEBUG=1",
					"$(inherited)",
				);
				INFOPLIST_FILE = "Assignment BTests/Info.plist";
				LD_RUNPATH_SEARCH_PATHS = "$(inherited) @executable_path/Frameworks @loader_path/Frameworks";
				PRODUCT_NAME = "$(TARGET_NAME)";
				TEST_HOST = "$(BUILT_PRODUCTS_DIR)/Assignment B.app/Assignment B";
			};
			name = Debug;
		};
		5978C79D1A97E1A1006DB94E /* Release */ = {
			isa = XCBuildConfiguration;
			buildSettings = {
				BUNDLE_LOADER = "$(TEST_HOST)";
				FRAMEWORK_SEARCH_PATHS = (
					"$(SDKROOT)/Developer/Library/Frameworks",
					"$(inherited)",
				);
				INFOPLIST_FILE = "Assignment BTests/Info.plist";
				LD_RUNPATH_SEARCH_PATHS = "$(inherited) @executable_path/Frameworks @loader_path/Frameworks";
				PRODUCT_NAME = "$(TARGET_NAME)";
				TEST_HOST = "$(BUILT_PRODUCTS_DIR)/Assignment B.app/Assignment B";
			};
			name = Release;
		};
/* End XCBuildConfiguration section */

/* Begin XCConfigurationList section */
		5978C7701A97E1A1006DB94E /* Build configuration list for PBXProject "Assignment B" */ = {
			isa = XCConfigurationList;
			buildConfigurations = (
				5978C7961A97E1A1006DB94E /* Debug */,
				5978C7971A97E1A1006DB94E /* Release */,
			);
			defaultConfigurationIsVisible = 0;
			defaultConfigurationName = Release;
		};
		5978C7981A97E1A1006DB94E /* Build configuration list for PBXNativeTarget "Assignment B" */ = {
			isa = XCConfigurationList;
			buildConfigurations = (
				5978C7991A97E1A1006DB94E /* Debug */,
				5978C79A1A97E1A1006DB94E /* Release */,
			);
			defaultConfigurationIsVisible = 0;
		};
		5978C79B1A97E1A1006DB94E /* Build configuration list for PBXNativeTarget "Assignment BTests" */ = {
			isa = XCConfigurationList;
			buildConfigurations = (
				5978C79C1A97E1A1006DB94E /* Debug */,
				5978C79D1A97E1A1006DB94E /* Release */,
			);
			defaultConfigurationIsVisible = 0;
		};
/* End XCConfigurationList section */
	};
	rootObject = 5978C76D1A97E1A1006DB94E /* Project object */;
}
